// !$*UTF8*$!
{
	archiveVersion = 1;
	classes = {
	};
	objectVersion = 50;
	objects = {

/* Begin PBXBuildFile section */
		8014ED372257BCDF00A66FAA /* AppDelegate.swift in Sources */ = {isa = PBXBuildFile; fileRef = 8014ED362257BCDF00A66FAA /* AppDelegate.swift */; };
		8014ED392257BCDF00A66FAA /* ViewController.swift in Sources */ = {isa = PBXBuildFile; fileRef = 8014ED382257BCDF00A66FAA /* ViewController.swift */; };
		8014ED3C2257BCDF00A66FAA /* Main.storyboard in Resources */ = {isa = PBXBuildFile; fileRef = 8014ED3A2257BCDF00A66FAA /* Main.storyboard */; };
		8014ED3E2257BCE000A66FAA /* Assets.xcassets in Resources */ = {isa = PBXBuildFile; fileRef = 8014ED3D2257BCE000A66FAA /* Assets.xcassets */; };
		8014ED412257BCE000A66FAA /* LaunchScreen.storyboard in Resources */ = {isa = PBXBuildFile; fileRef = 8014ED3F2257BCE000A66FAA /* LaunchScreen.storyboard */; };
		CF3DAAF02257CB9800648D8A /* DetailsSpeaker.swift in Sources */ = {isa = PBXBuildFile; fileRef = CF3DAAEF2257CB9800648D8A /* DetailsSpeaker.swift */; };
/* End PBXBuildFile section */

/* Begin PBXFileReference section */
		8014ED332257BCDF00A66FAA /* NanoWWDC.app */ = {isa = PBXFileReference; explicitFileType = wrapper.application; includeInIndex = 0; path = NanoWWDC.app; sourceTree = BUILT_PRODUCTS_DIR; };
		8014ED362257BCDF00A66FAA /* AppDelegate.swift */ = {isa = PBXFileReference; lastKnownFileType = sourcecode.swift; path = AppDelegate.swift; sourceTree = "<group>"; };
		8014ED382257BCDF00A66FAA /* ViewController.swift */ = {isa = PBXFileReference; lastKnownFileType = sourcecode.swift; path = ViewController.swift; sourceTree = "<group>"; };
		8014ED3B2257BCDF00A66FAA /* Base */ = {isa = PBXFileReference; lastKnownFileType = file.storyboard; name = Base; path = Base.lproj/Main.storyboard; sourceTree = "<group>"; };
		8014ED3D2257BCE000A66FAA /* Assets.xcassets */ = {isa = PBXFileReference; lastKnownFileType = folder.assetcatalog; path = Assets.xcassets; sourceTree = "<group>"; };
		8014ED402257BCE000A66FAA /* Base */ = {isa = PBXFileReference; lastKnownFileType = file.storyboard; name = Base; path = Base.lproj/LaunchScreen.storyboard; sourceTree = "<group>"; };
		8014ED422257BCE000A66FAA /* Info.plist */ = {isa = PBXFileReference; lastKnownFileType = text.plist.xml; path = Info.plist; sourceTree = "<group>"; };
		CF3DAAEF2257CB9800648D8A /* DetailsSpeaker.swift */ = {isa = PBXFileReference; lastKnownFileType = sourcecode.swift; path = DetailsSpeaker.swift; sourceTree = "<group>"; };
/* End PBXFileReference section */

/* Begin PBXFrameworksBuildPhase section */
		8014ED302257BCDF00A66FAA /* Frameworks */ = {
			isa = PBXFrameworksBuildPhase;
			buildActionMask = 2147483647;
			files = (
			);
			runOnlyForDeploymentPostprocessing = 0;
		};
/* End PBXFrameworksBuildPhase section */

/* Begin PBXGroup section */
		8014ED2A2257BCDF00A66FAA = {
			isa = PBXGroup;
			children = (
				8014ED352257BCDF00A66FAA /* NanoWWDC */,
				8014ED342257BCDF00A66FAA /* Products */,
			);
			sourceTree = "<group>";
		};
		8014ED342257BCDF00A66FAA /* Products */ = {
			isa = PBXGroup;
			children = (
				8014ED332257BCDF00A66FAA /* NanoWWDC.app */,
			);
			name = Products;
			sourceTree = "<group>";
		};
		8014ED352257BCDF00A66FAA /* NanoWWDC */ = {
			isa = PBXGroup;
			children = (
				CF3DAAED2257CB1A00648D8A /* View */,
				CF3DAAEB2257CAFF00648D8A /* Model */,
				8014ED362257BCDF00A66FAA /* AppDelegate.swift */,
				CF3DAAEC2257CB0C00648D8A /* Controller */,
				8014ED3A2257BCDF00A66FAA /* Main.storyboard */,
				8014ED3D2257BCE000A66FAA /* Assets.xcassets */,
				8014ED3F2257BCE000A66FAA /* LaunchScreen.storyboard */,
				8014ED422257BCE000A66FAA /* Info.plist */,
			);
			path = NanoWWDC;
			sourceTree = "<group>";
		};
		CF3DAAEB2257CAFF00648D8A /* Model */ = {
			isa = PBXGroup;
			children = (
			);
			path = Model;
			sourceTree = "<group>";
		};
		CF3DAAEC2257CB0C00648D8A /* Controller */ = {
			isa = PBXGroup;
			children = (
				8014ED382257BCDF00A66FAA /* ViewController.swift */,
				CF3DAAEF2257CB9800648D8A /* DetailsSpeaker.swift */,
			);
			path = Controller;
			sourceTree = "<group>";
		};
		CF3DAAED2257CB1A00648D8A /* View */ = {
			isa = PBXGroup;
			children = (
			);
			path = View;
			sourceTree = "<group>";
		};
/* End PBXGroup section */

/* Begin PBXNativeTarget section */
		8014ED322257BCDF00A66FAA /* NanoWWDC */ = {
			isa = PBXNativeTarget;
			buildConfigurationList = 8014ED452257BCE000A66FAA /* Build configuration list for PBXNativeTarget "NanoWWDC" */;
			buildPhases = (
				8014ED2F2257BCDF00A66FAA /* Sources */,
				8014ED302257BCDF00A66FAA /* Frameworks */,
				8014ED312257BCDF00A66FAA /* Resources */,
			);
			buildRules = (
			);
			dependencies = (
			);
			name = NanoWWDC;
			productName = NanoWWDC;
			productReference = 8014ED332257BCDF00A66FAA /* NanoWWDC.app */;
			productType = "com.apple.product-type.application";
		};
/* End PBXNativeTarget section */

/* Begin PBXProject section */
		8014ED2B2257BCDF00A66FAA /* Project object */ = {
			isa = PBXProject;
			attributes = {
				LastSwiftUpdateCheck = 1020;
				LastUpgradeCheck = 1020;
				ORGANIZATIONNAME = "Henrique Figueiredo Conte";
				TargetAttributes = {
					8014ED322257BCDF00A66FAA = {
						CreatedOnToolsVersion = 10.2;
					};
				};
			};
			buildConfigurationList = 8014ED2E2257BCDF00A66FAA /* Build configuration list for PBXProject "NanoWWDC" */;
			compatibilityVersion = "Xcode 9.3";
			developmentRegion = en;
			hasScannedForEncodings = 0;
			knownRegions = (
				en,
				Base,
			);
			mainGroup = 8014ED2A2257BCDF00A66FAA;
			productRefGroup = 8014ED342257BCDF00A66FAA /* Products */;
			projectDirPath = "";
			projectRoot = "";
			targets = (
				8014ED322257BCDF00A66FAA /* NanoWWDC */,
			);
		};
/* End PBXProject section */

/* Begin PBXResourcesBuildPhase section */
		8014ED312257BCDF00A66FAA /* Resources */ = {
			isa = PBXResourcesBuildPhase;
			buildActionMask = 2147483647;
			files = (
				8014ED412257BCE000A66FAA /* LaunchScreen.storyboard in Resources */,
				8014ED3E2257BCE000A66FAA /* Assets.xcassets in Resources */,
				8014ED3C2257BCDF00A66FAA /* Main.storyboard in Resources */,
			);
			runOnlyForDeploymentPostprocessing = 0;
		};
/* End PBXResourcesBuildPhase section */

/* Begin PBXSourcesBuildPhase section */
		8014ED2F2257BCDF00A66FAA /* Sources */ = {
			isa = PBXSourcesBuildPhase;
			buildActionMask = 2147483647;
			files = (
				8014ED392257BCDF00A66FAA /* ViewController.swift in Sources */,
				CF3DAAF02257CB9800648D8A /* DetailsSpeaker.swift in Sources */,
				8014ED372257BCDF00A66FAA /* AppDelegate.swift in Sources */,
			);
			runOnlyForDeploymentPostprocessing = 0;
		};
/* End PBXSourcesBuildPhase section */

/* Begin PBXVariantGroup section */
		8014ED3A2257BCDF00A66FAA /* Main.storyboard */ = {
			isa = PBXVariantGroup;
			children = (
				8014ED3B2257BCDF00A66FAA /* Base */,
			);
			name = Main.storyboard;
			sourceTree = "<group>";
		};
		8014ED3F2257BCE000A66FAA /* LaunchScreen.storyboard */ = {
			isa = PBXVariantGroup;
			children = (
				8014ED402257BCE000A66FAA /* Base */,
			);
			name = LaunchScreen.storyboard;
			sourceTree = "<group>";
		};
/* End PBXVariantGroup section */

/* Begin XCBuildConfiguration section */
		8014ED432257BCE000A66FAA /* Debug */ = {
			isa = XCBuildConfiguration;
			buildSettings = {
				ALWAYS_SEARCH_USER_PATHS = NO;
				CLANG_ANALYZER_NONNULL = YES;
				CLANG_ANALYZER_NUMBER_OBJECT_CONVERSION = YES_AGGRESSIVE;
				CLANG_CXX_LANGUAGE_STANDARD = "gnu++14";
				CLANG_CXX_LIBRARY = "libc++";
				CLANG_ENABLE_MODULES = YES;
				CLANG_ENABLE_OBJC_ARC = YES;
				CLANG_ENABLE_OBJC_WEAK = YES;
				CLANG_WARN_BLOCK_CAPTURE_AUTORELEASING = YES;
				CLANG_WARN_BOOL_CONVERSION = YES;
				CLANG_WARN_COMMA = YES;
				CLANG_WARN_CONSTANT_CONVERSION = YES;
				CLANG_WARN_DEPRECATED_OBJC_IMPLEMENTATIONS = YES;
				CLANG_WARN_DIRECT_OBJC_ISA_USAGE = YES_ERROR;
				CLANG_WARN_DOCUMENTATION_COMMENTS = YES;
				CLANG_WARN_EMPTY_BODY = YES;
				CLANG_WARN_ENUM_CONVERSION = YES;
				CLANG_WARN_INFINITE_RECURSION = YES;
				CLANG_WARN_INT_CONVERSION = YES;
				CLANG_WARN_NON_LITERAL_NULL_CONVERSION = YES;
				CLANG_WARN_OBJC_IMPLICIT_RETAIN_SELF = YES;
				CLANG_WARN_OBJC_LITERAL_CONVERSION = YES;
				CLANG_WARN_OBJC_ROOT_CLASS = YES_ERROR;
				CLANG_WARN_RANGE_LOOP_ANALYSIS = YES;
				CLANG_WARN_STRICT_PROTOTYPES = YES;
				CLANG_WARN_SUSPICIOUS_MOVE = YES;
				CLANG_WARN_UNGUARDED_AVAILABILITY = YES_AGGRESSIVE;
				CLANG_WARN_UNREACHABLE_CODE = YES;
				CLANG_WARN__DUPLICATE_METHOD_MATCH = YES;
				CODE_SIGN_IDENTITY = "iPhone Developer";
				COPY_PHASE_STRIP = NO;
				DEBUG_INFORMATION_FORMAT = dwarf;
				ENABLE_STRICT_OBJC_MSGSEND = YES;
				ENABLE_TESTABILITY = YES;
				GCC_C_LANGUAGE_STANDARD = gnu11;
				GCC_DYNAMIC_NO_PIC = NO;
				GCC_NO_COMMON_BLOCKS = YES;
				GCC_OPTIMIZATION_LEVEL = 0;
				GCC_PREPROCESSOR_DEFINITIONS = (
					"DEBUG=1",
					"$(inherited)",
				);
				GCC_WARN_64_TO_32_BIT_CONVERSION = YES;
				GCC_WARN_ABOUT_RETURN_TYPE = YES_ERROR;
				GCC_WARN_UNDECLARED_SELECTOR = YES;
				GCC_WARN_UNINITIALIZED_AUTOS = YES_AGGRESSIVE;
				GCC_WARN_UNUSED_FUNCTION = YES;
				GCC_WARN_UNUSED_VARIABLE = YES;
				IPHONEOS_DEPLOYMENT_TARGET = 12.2;
				MTL_ENABLE_DEBUG_INFO = INCLUDE_SOURCE;
				MTL_FAST_MATH = YES;
				ONLY_ACTIVE_ARCH = YES;
				SDKROOT = iphoneos;
				SWIFT_ACTIVE_COMPILATION_CONDITIONS = DEBUG;
				SWIFT_OPTIMIZATION_LEVEL = "-Onone";
			};
			name = Debug;
		};
		8014ED442257BCE000A66FAA /* Release */ = {
			isa = XCBuildConfiguration;
			buildSettings = {
				ALWAYS_SEARCH_USER_PATHS = NO;
				CLANG_ANALYZER_NONNULL = YES;
				CLANG_ANALYZER_NUMBER_OBJECT_CONVERSION = YES_AGGRESSIVE;
				CLANG_CXX_LANGUAGE_STANDARD = "gnu++14";
				CLANG_CXX_LIBRARY = "libc++";
				CLANG_ENABLE_MODULES = YES;
				CLANG_ENABLE_OBJC_ARC = YES;
				CLANG_ENABLE_OBJC_WEAK = YES;
				CLANG_WARN_BLOCK_CAPTURE_AUTORELEASING = YES;
				CLANG_WARN_BOOL_CONVERSION = YES;
				CLANG_WARN_COMMA = YES;
				CLANG_WARN_CONSTANT_CONVERSION = YES;
				CLANG_WARN_DEPRECATED_OBJC_IMPLEMENTATIONS = YES;
				CLANG_WARN_DIRECT_OBJC_ISA_USAGE = YES_ERROR;
				CLANG_WARN_DOCUMENTATION_COMMENTS = YES;
				CLANG_WARN_EMPTY_BODY = YES;
				CLANG_WARN_ENUM_CONVERSION = YES;
				CLANG_WARN_INFINITE_RECURSION = YES;
				CLANG_WARN_INT_CONVERSION = YES;
				CLANG_WARN_NON_LITERAL_NULL_CONVERSION = YES;
				CLANG_WARN_OBJC_IMPLICIT_RETAIN_SELF = YES;
				CLANG_WARN_OBJC_LITERAL_CONVERSION = YES;
				CLANG_WARN_OBJC_ROOT_CLASS = YES_ERROR;
				CLANG_WARN_RANGE_LOOP_ANALYSIS = YES;
				CLANG_WARN_STRICT_PROTOTYPES = YES;
				CLANG_WARN_SUSPICIOUS_MOVE = YES;
				CLANG_WARN_UNGUARDED_AVAILABILITY = YES_AGGRESSIVE;
				CLANG_WARN_UNREACHABLE_CODE = YES;
				CLANG_WARN__DUPLICATE_METHOD_MATCH = YES;
				CODE_SIGN_IDENTITY = "iPhone Developer";
				COPY_PHASE_STRIP = NO;
				DEBUG_INFORMATION_FORMAT = "dwarf-with-dsym";
				ENABLE_NS_ASSERTIONS = NO;
				ENABLE_STRICT_OBJC_MSGSEND = YES;
				GCC_C_LANGUAGE_STANDARD = gnu11;
				GCC_NO_COMMON_BLOCKS = YES;
				GCC_WARN_64_TO_32_BIT_CONVERSION = YES;
				GCC_WARN_ABOUT_RETURN_TYPE = YES_ERROR;
				GCC_WARN_UNDECLARED_SELECTOR = YES;
				GCC_WARN_UNINITIALIZED_AUTOS = YES_AGGRESSIVE;
				GCC_WARN_UNUSED_FUNCTION = YES;
				GCC_WARN_UNUSED_VARIABLE = YES;
				IPHONEOS_DEPLOYMENT_TARGET = 12.2;
				MTL_ENABLE_DEBUG_INFO = NO;
				MTL_FAST_MATH = YES;
				SDKROOT = iphoneos;
				SWIFT_COMPILATION_MODE = wholemodule;
				SWIFT_OPTIMIZATION_LEVEL = "-O";
				VALIDATE_PRODUCT = YES;
			};
			name = Release;
		};
		8014ED462257BCE000A66FAA /* Debug */ = {
			isa = XCBuildConfiguration;
			buildSettings = {
				ASSETCATALOG_COMPILER_APPICON_NAME = AppIcon;
				CODE_SIGN_STYLE = Automatic;
				DEVELOPMENT_TEAM = 4NP5AK64M5;
				INFOPLIST_FILE = NanoWWDC/Info.plist;
				LD_RUNPATH_SEARCH_PATHS = (
					"$(inherited)",
					"@executable_path/Frameworks",
				);
				PRODUCT_BUNDLE_IDENTIFIER = henriqueConte.NanoWWDC;
				PRODUCT_NAME = "$(TARGET_NAME)";
				SWIFT_VERSION = 5.0;
				TARGETED_DEVICE_FAMILY = "1,2";
			};
			name = Debug;
		};
		8014ED472257BCE000A66FAA /* Release */ = {
			isa = XCBuildConfiguration;
			buildSettings = {
				ASSETCATALOG_COMPILER_APPICON_NAME = AppIcon;
				CODE_SIGN_STYLE = Automatic;
				DEVELOPMENT_TEAM = 4NP5AK64M5;
				INFOPLIST_FILE = NanoWWDC/Info.plist;
				LD_RUNPATH_SEARCH_PATHS = (
					"$(inherited)",
					"@executable_path/Frameworks",
				);
				PRODUCT_BUNDLE_IDENTIFIER = henriqueConte.NanoWWDC;
				PRODUCT_NAME = "$(TARGET_NAME)";
				SWIFT_VERSION = 5.0;
				TARGETED_DEVICE_FAMILY = "1,2";
			};
			name = Release;
		};
/* End XCBuildConfiguration section */

/* Begin XCConfigurationList section */
		8014ED2E2257BCDF00A66FAA /* Build configuration list for PBXProject "NanoWWDC" */ = {
			isa = XCConfigurationList;
			buildConfigurations = (
				8014ED432257BCE000A66FAA /* Debug */,
				8014ED442257BCE000A66FAA /* Release */,
			);
			defaultConfigurationIsVisible = 0;
			defaultConfigurationName = Release;
		};
		8014ED452257BCE000A66FAA /* Build configuration list for PBXNativeTarget "NanoWWDC" */ = {
			isa = XCConfigurationList;
			buildConfigurations = (
				8014ED462257BCE000A66FAA /* Debug */,
				8014ED472257BCE000A66FAA /* Release */,
			);
			defaultConfigurationIsVisible = 0;
			defaultConfigurationName = Release;
		};
/* End XCConfigurationList section */
	};
	rootObject = 8014ED2B2257BCDF00A66FAA /* Project object */;
}
